<?xml version="1.0" encoding="utf-8"?>
<Project ToolsVersion="4.0" xmlns="http://schemas.microsoft.com/developer/msbuild/2003">
  <ItemGroup>
    <Filter Include="00.System">
      <UniqueIdentifier>{e7c5e594-4346-4052-8440-ca63f3171f9d}</UniqueIdentifier>
    </Filter>
    <Filter Include="01.Utility">
      <UniqueIdentifier>{7b0ae995-18f9-4ca0-88fe-1e8d60ffd1cf}</UniqueIdentifier>
    </Filter>
    <Filter Include="02.Defines">
      <UniqueIdentifier>{a1d3e09a-e24c-4f05-aa50-89358fb2f044}</UniqueIdentifier>
    </Filter>
    <Filter Include="02.Defines\99.Headers">
      <UniqueIdentifier>{587cac85-b735-44ab-acaa-7edee5d422f1}</UniqueIdentifier>
    </Filter>
    <Filter Include="02.Defines\99.Headers\99.Utils">
      <UniqueIdentifier>{78a20373-563b-4fda-afcf-e2164a62b16c}</UniqueIdentifier>
    </Filter>
    <Filter Include="01.Utility\99.Super">
      <UniqueIdentifier>{2eaece1d-84cf-491c-a185-c9b623b742e9}</UniqueIdentifier>
    </Filter>
    <Filter Include="00.System\Manager">
      <UniqueIdentifier>{bec746d1-f559-4463-a7ca-ed19d40b37b5}</UniqueIdentifier>
    </Filter>
    <Filter Include="00.System\Manager\Time">
      <UniqueIdentifier>{b983a42b-98eb-4873-a5ed-3390213e78ac}</UniqueIdentifier>
    </Filter>
    <Filter Include="02.Defines\99.Headers\98.Export">
      <UniqueIdentifier>{07aac3b9-8dea-45e7-bd0b-58db26491b39}</UniqueIdentifier>
    </Filter>
    <Filter Include="02.Defines\99.Headers\Default">
      <UniqueIdentifier>{c6d0c6ea-9121-4b32-80d8-8eeb5de5f316}</UniqueIdentifier>
    </Filter>
    <Filter Include="00.System\Manager\Device">
      <UniqueIdentifier>{17e6ff13-e4a5-41d2-9fb8-b967cfa9b7c0}</UniqueIdentifier>
    </Filter>
    <Filter Include="01.Utility\00.GameInstance">
      <UniqueIdentifier>{f7ad1a99-bab6-4be0-87c5-e8469aced877}</UniqueIdentifier>
    </Filter>
    <Filter Include="03.Pipeline">
      <UniqueIdentifier>{7a8683dc-a612-4b21-ac63-68c987552041}</UniqueIdentifier>
    </Filter>
    <Filter Include="04.Resource">
      <UniqueIdentifier>{ea2b697d-1a85-4924-b761-b7081d05113a}</UniqueIdentifier>
    </Filter>
    <Filter Include="01.Utility\02.Level">
      <UniqueIdentifier>{fca59a7a-d21d-418d-8c6d-b3e9fe3e4bce}</UniqueIdentifier>
    </Filter>
    <Filter Include="01.Utility\03.GameObject">
      <UniqueIdentifier>{947e4995-311f-49eb-a198-ef44b8337138}</UniqueIdentifier>
    </Filter>
    <Filter Include="01.Utility\03.GameObject\Layer">
      <UniqueIdentifier>{484ab6c2-15f5-4c1e-9031-40e37383a9d8}</UniqueIdentifier>
    </Filter>
    <Filter Include="01.Utility\04.Component">
      <UniqueIdentifier>{d5f9c34d-aa1e-438b-99ca-35b95ceeb432}</UniqueIdentifier>
    </Filter>
    <Filter Include="01.Utility\98.Manager">
      <UniqueIdentifier>{22d52135-4918-4dcd-b467-2d53ab917751}</UniqueIdentifier>
    </Filter>
    <Filter Include="01.Utility\98.Manager\Object">
      <UniqueIdentifier>{f5fcd7f4-b5d3-46b1-85c2-c6a5a77c950c}</UniqueIdentifier>
    </Filter>
    <Filter Include="01.Utility\98.Manager\Level">
      <UniqueIdentifier>{d91e8a61-1308-4c3a-a9aa-25cb065c2c89}</UniqueIdentifier>
    </Filter>
    <Filter Include="01.Utility\04.Component\Renderer">
      <UniqueIdentifier>{5e7e40b0-55e3-4865-a414-0ec6eda9d43f}</UniqueIdentifier>
    </Filter>
    <Filter Include="01.Utility\98.Manager\Component">
      <UniqueIdentifier>{3d746c19-f9bc-43f3-b2dc-9f7ee3926b69}</UniqueIdentifier>
    </Filter>
    <Filter Include="01.Utility\04.Component\VIBuffer">
      <UniqueIdentifier>{e664c24d-1fab-4464-ae5c-0fac17a4da72}</UniqueIdentifier>
    </Filter>
    <Filter Include="01.Utility\04.Component\VIBuffer\Rect">
      <UniqueIdentifier>{ff0334b0-5174-4032-9617-98e7b88b0df1}</UniqueIdentifier>
    </Filter>
    <Filter Include="01.Utility\04.Component\Shader">
      <UniqueIdentifier>{9ff6c2bf-6a9f-4a43-885d-dfe44c71c493}</UniqueIdentifier>
    </Filter>
    <Filter Include="01.Utility\04.Component\Texture">
      <UniqueIdentifier>{4038bbc9-8a06-42f3-bfe8-7efc9c89225e}</UniqueIdentifier>
    </Filter>
    <Filter Include="01.Utility\04.Component\Transform">
      <UniqueIdentifier>{c9cc8031-3f73-4142-ae6b-43cad3bdc0e7}</UniqueIdentifier>
    </Filter>
    <Filter Include="01.Utility\04.Component\VIBuffer\Terrain">
      <UniqueIdentifier>{d4385ded-d091-4693-9ddf-814862c688d3}</UniqueIdentifier>
    </Filter>
    <Filter Include="01.Utility\03.GameObject\Camera">
      <UniqueIdentifier>{cdf087d3-9c26-44db-b5e2-d6543c8a0720}</UniqueIdentifier>
    </Filter>
    <Filter Include="03.Pipeline\CameraHelper">
      <UniqueIdentifier>{03e2ffb7-43d8-496f-9744-75047c17132c}</UniqueIdentifier>
    </Filter>
    <Filter Include="00.System\Input">
      <UniqueIdentifier>{b10aa7c9-7451-4f64-ad1e-c6b58b7ff81a}</UniqueIdentifier>
    </Filter>
    <Filter Include="01.Utility\98.Manager\Light">
      <UniqueIdentifier>{32b97810-b562-497f-9f42-e8f3c018a078}</UniqueIdentifier>
    </Filter>
    <Filter Include="01.Utility\04.Component\Light">
      <UniqueIdentifier>{d2a58286-bc7e-46c1-b232-42e437613960}</UniqueIdentifier>
    </Filter>
    <Filter Include="01.Utility\04.Component\VIBuffer\ConstantBuffer">
      <UniqueIdentifier>{46b8bbaf-ae0f-4b4f-bd28-8de67cabe7b7}</UniqueIdentifier>
    </Filter>
    <Filter Include="01.Utility\04.Component\Model">
      <UniqueIdentifier>{3dd797b0-d6a0-43b0-b506-4b5c52348e84}</UniqueIdentifier>
    </Filter>
    <Filter Include="01.Utility\04.Component\Model\Mesh">
      <UniqueIdentifier>{5cf39855-b1d7-4d80-b96c-43f464a08999}</UniqueIdentifier>
    </Filter>
    <Filter Include="01.Utility\04.Component\Collider">
      <UniqueIdentifier>{9a4b20af-400d-4186-85c5-8a75ef80e558}</UniqueIdentifier>
    </Filter>
    <Filter Include="01.Utility\04.Component\Picking">
      <UniqueIdentifier>{78f85660-3401-4d82-9aef-a3df15abac56}</UniqueIdentifier>
    </Filter>
    <Filter Include="01.Utility\04.Component\Collider\Base">
      <UniqueIdentifier>{ce459943-038f-4030-8344-5d4316dd140a}</UniqueIdentifier>
    </Filter>
    <Filter Include="00.System\Manager\Device\ViewPort">
      <UniqueIdentifier>{ba169b1d-76da-4fe4-ac22-bbfdc718ecea}</UniqueIdentifier>
    </Filter>
    <Filter Include="00.System\CustomInput">
      <UniqueIdentifier>{50e203bc-59a9-4a7b-804d-68fc2f198e71}</UniqueIdentifier>
    </Filter>
    <Filter Include="01.Utility\04.Component\Physics">
      <UniqueIdentifier>{ac53fcf0-fb12-4275-b0f2-f008c4d089f8}</UniqueIdentifier>
    </Filter>
    <Filter Include="01.Utility\04.Component\Model\Bone">
      <UniqueIdentifier>{8033f097-f9b4-4e31-935f-d27e5df677a6}</UniqueIdentifier>
    </Filter>
    <Filter Include="01.Utility\04.Component\Light\diffrentLight">
      <UniqueIdentifier>{a9362ee5-0e7e-45d1-a1b2-54d6ef97f2b2}</UniqueIdentifier>
    </Filter>
    <Filter Include="01.Utility\04.Component\Model\ToolUtils">
      <UniqueIdentifier>{4c580931-02d2-4811-b48f-4bf296e5f0e9}</UniqueIdentifier>
    </Filter>
    <Filter Include="01.Utility\04.Component\Model\BinaryModel">
      <UniqueIdentifier>{5f6c0a11-2f97-419f-a334-f484d2cccf4e}</UniqueIdentifier>
    </Filter>
    <Filter Include="01.Utility\04.Component\Model\Animation">
      <UniqueIdentifier>{d116be1f-a072-40da-92a0-1dacdf9fb5ac}</UniqueIdentifier>
    </Filter>
    <Filter Include="01.Utility\04.Component\Model\Animation\Channel">
      <UniqueIdentifier>{af697d4f-753a-4085-af59-777eb9403fe5}</UniqueIdentifier>
    </Filter>
    <Filter Include="01.Utility\04.Component\Model\Animation\Channel\BinaryChannel">
      <UniqueIdentifier>{410e73f4-1d58-4c67-941c-b7ac1c840f7e}</UniqueIdentifier>
    </Filter>
    <Filter Include="01.Utility\04.Component\Model\BinaryModel\BinaryAnimation">
      <UniqueIdentifier>{dbe2a5b0-5067-4390-bca8-63ec7738b133}</UniqueIdentifier>
    </Filter>
    <Filter Include="01.Utility\04.Component\Model\BinaryModel\BinaryBone">
      <UniqueIdentifier>{d5eca353-69b0-488b-92c1-e245a2e27909}</UniqueIdentifier>
    </Filter>
    <Filter Include="01.Utility\04.Component\Model\BinaryModel\BinaryMesh">
      <UniqueIdentifier>{23566593-d5cb-4090-affa-5a040c175c0d}</UniqueIdentifier>
    </Filter>
  </ItemGroup>
  <ItemGroup>
    <ClInclude Include="..\Public\SimpleMath.h">
      <Filter>02.Defines\99.Headers\99.Utils</Filter>
    </ClInclude>
    <ClInclude Include="..\Public\Base.h">
      <Filter>01.Utility\99.Super</Filter>
    </ClInclude>
    <ClInclude Include="..\Public\Timer.h">
      <Filter>00.System\Manager\Time</Filter>
    </ClInclude>
    <ClInclude Include="..\Public\TimeManager.h">
      <Filter>00.System\Manager\Time</Filter>
    </ClInclude>
    <ClInclude Include="..\Public\Defines.h">
      <Filter>02.Defines\99.Headers\Default</Filter>
    </ClInclude>
    <ClInclude Include="..\Public\Function.h">
      <Filter>02.Defines\99.Headers\Default</Filter>
    </ClInclude>
    <ClInclude Include="..\Public\Functor.h">
      <Filter>02.Defines\99.Headers\Default</Filter>
    </ClInclude>
    <ClInclude Include="..\Public\Macro.h">
      <Filter>02.Defines\99.Headers\Default</Filter>
    </ClInclude>
    <ClInclude Include="pch.h">
      <Filter>02.Defines\99.Headers\Default</Filter>
    </ClInclude>
    <ClInclude Include="..\Public\Struct.h">
      <Filter>02.Defines\99.Headers\Default</Filter>
    </ClInclude>
    <ClInclude Include="..\Public\Types.h">
      <Filter>02.Defines\99.Headers\Default</Filter>
    </ClInclude>
    <ClInclude Include="..\Public\Values.h">
      <Filter>02.Defines\99.Headers\Default</Filter>
    </ClInclude>
    <ClInclude Include="..\Public\GraphicsManager.h">
      <Filter>00.System\Manager\Device</Filter>
    </ClInclude>
    <ClInclude Include="..\Public\GameInstance.h">
      <Filter>01.Utility\00.GameInstance</Filter>
    </ClInclude>
    <ClInclude Include="..\Public\ResourceBase.h">
      <Filter>04.Resource</Filter>
    </ClInclude>
    <ClInclude Include="..\Public\Level.h">
      <Filter>01.Utility\02.Level</Filter>
    </ClInclude>
    <ClInclude Include="..\Public\LevelManager.h">
      <Filter>01.Utility\98.Manager\Level</Filter>
    </ClInclude>
    <ClInclude Include="..\Public\GameObject.h">
      <Filter>01.Utility\03.GameObject</Filter>
    </ClInclude>
    <ClInclude Include="..\Public\ObjectManager.h">
      <Filter>01.Utility\98.Manager\Object</Filter>
    </ClInclude>
    <ClInclude Include="..\Public\Layer.h">
      <Filter>01.Utility\03.GameObject\Layer</Filter>
    </ClInclude>
    <ClInclude Include="..\Public\Component.h">
      <Filter>01.Utility\04.Component</Filter>
    </ClInclude>
    <ClInclude Include="..\Public\Renderer.h">
      <Filter>01.Utility\04.Component\Renderer</Filter>
    </ClInclude>
    <ClInclude Include="..\Public\ComponentManager.h">
      <Filter>01.Utility\98.Manager\Component</Filter>
    </ClInclude>
    <ClInclude Include="..\Public\VIBuffer.h">
      <Filter>01.Utility\04.Component\VIBuffer</Filter>
    </ClInclude>
    <ClInclude Include="..\Public\VIBufferRect.h">
      <Filter>01.Utility\04.Component\VIBuffer\Rect</Filter>
    </ClInclude>
    <ClInclude Include="..\Public\Shader.h">
      <Filter>01.Utility\04.Component\Shader</Filter>
    </ClInclude>
    <ClInclude Include="..\Public\Texture.h">
      <Filter>01.Utility\04.Component\Texture</Filter>
    </ClInclude>
    <ClInclude Include="..\Public\Transform.h">
      <Filter>01.Utility\04.Component\Transform</Filter>
    </ClInclude>
    <ClInclude Include="..\Public\VIBufferTerrain.h">
      <Filter>01.Utility\04.Component\VIBuffer\Terrain</Filter>
    </ClInclude>
    <ClInclude Include="..\Public\Camera.h">
      <Filter>01.Utility\03.GameObject\Camera</Filter>
    </ClInclude>
    <ClInclude Include="..\Public\CameraHelper.h">
      <Filter>03.Pipeline\CameraHelper</Filter>
    </ClInclude>
    <ClInclude Include="..\Public\InputManager.h">
      <Filter>00.System\Input</Filter>
    </ClInclude>
    <ClInclude Include="..\Public\Light.h">
      <Filter>01.Utility\04.Component\Light</Filter>
    </ClInclude>
    <ClInclude Include="..\Public\LightManager.h">
      <Filter>01.Utility\98.Manager\Light</Filter>
    </ClInclude>
    <ClInclude Include="..\Public\ConstantBuffer.h">
      <Filter>01.Utility\04.Component\VIBuffer\ConstantBuffer</Filter>
    </ClInclude>
    <ClInclude Include="..\Public\Model.h">
      <Filter>01.Utility\04.Component\Model</Filter>
    </ClInclude>
    <ClInclude Include="..\Public\Mesh.h">
      <Filter>01.Utility\04.Component\Model\Mesh</Filter>
    </ClInclude>
    <ClInclude Include="..\Public\Picking.h">
      <Filter>01.Utility\04.Component\Picking</Filter>
    </ClInclude>
    <ClInclude Include="..\Public\Collider.h">
      <Filter>01.Utility\04.Component\Collider\Base</Filter>
    </ClInclude>
    <ClInclude Include="..\Public\AABBBoxCollider.h">
      <Filter>01.Utility\04.Component\Collider</Filter>
    </ClInclude>
    <ClInclude Include="..\Public\SphereCollider.h">
      <Filter>01.Utility\04.Component\Collider</Filter>
    </ClInclude>
    <ClInclude Include="..\Public\OBBBoxCollider.h">
      <Filter>01.Utility\04.Component\Collider</Filter>
    </ClInclude>
    <ClInclude Include="..\Public\MathHelper.h">
      <Filter>02.Defines\99.Headers\Default</Filter>
    </ClInclude>
    <ClInclude Include="..\Public\Viewport.h">
      <Filter>00.System\Manager\Device\ViewPort</Filter>
    </ClInclude>
    <ClInclude Include="..\Public\dirent.h">
      <Filter>02.Defines\99.Headers\99.Utils</Filter>
    </ClInclude>
    <ClInclude Include="..\Public\StringUtilities.h">
      <Filter>02.Defines\99.Headers\99.Utils</Filter>
    </ClInclude>
    <ClInclude Include="..\Public\KeyCodes.h">
      <Filter>00.System\CustomInput</Filter>
    </ClInclude>
    <ClInclude Include="..\Public\KeyBoardHandler.h">
      <Filter>00.System\CustomInput</Filter>
    </ClInclude>
    <ClInclude Include="..\Public\MouseHandler.h">
      <Filter>00.System\CustomInput</Filter>
    </ClInclude>
    <ClInclude Include="..\Public\InputHandler.h">
      <Filter>00.System\CustomInput</Filter>
    </ClInclude>
    <ClInclude Include="..\Public\Physics.h">
      <Filter>01.Utility\04.Component\Physics</Filter>
    </ClInclude>
    <ClInclude Include="..\Public\MathUtilities.h">
      <Filter>02.Defines\99.Headers\99.Utils</Filter>
    </ClInclude>
    <ClInclude Include="..\Public\Bone.h">
      <Filter>01.Utility\04.Component\Model\Bone</Filter>
    </ClInclude>
    <ClInclude Include="..\Public\OtherLight.h">
      <Filter>01.Utility\04.Component\Light\diffrentLight</Filter>
    </ClInclude>
    <ClInclude Include="..\Public\Converter.h">
      <Filter>01.Utility\04.Component\Model\ToolUtils</Filter>
    </ClInclude>
    <ClInclude Include="..\Public\Utils.h">
      <Filter>01.Utility\04.Component\Model\ToolUtils</Filter>
    </ClInclude>
    <ClInclude Include="..\Public\AsTypes.h">
      <Filter>01.Utility\04.Component\Model\ToolUtils</Filter>
    </ClInclude>
    <ClInclude Include="..\Public\FileUtils.h">
      <Filter>01.Utility\04.Component\Model\ToolUtils</Filter>
    </ClInclude>
    <ClInclude Include="..\Public\BinaryModel.h">
      <Filter>01.Utility\04.Component\Model\BinaryModel</Filter>
    </ClInclude>
    <ClInclude Include="..\Public\BinaryMesh.h">
      <Filter>01.Utility\04.Component\Model\BinaryModel\BinaryMesh</Filter>
    </ClInclude>
    <ClInclude Include="..\Public\Animation.h">
      <Filter>01.Utility\04.Component\Model\Animation</Filter>
    </ClInclude>
    <ClInclude Include="..\Public\Channel.h">
      <Filter>01.Utility\04.Component\Model\Animation\Channel</Filter>
    </ClInclude>
    <ClInclude Include="..\Public\BinaryBone.h">
      <Filter>01.Utility\04.Component\Model\BinaryModel\BinaryBone</Filter>
    </ClInclude>
    <ClInclude Include="..\Public\BinaryAnimation.h">
      <Filter>01.Utility\04.Component\Model\BinaryModel\BinaryAnimation</Filter>
    </ClInclude>
    <ClInclude Include="..\Public\BinaryChannel.h">
      <Filter>01.Utility\04.Component\Model\Animation\Channel\BinaryChannel</Filter>
    </ClInclude>
  </ItemGroup>
  <ItemGroup>
    <ClCompile Include="..\Private\SimpleMath.cpp">
      <Filter>02.Defines\99.Headers\99.Utils</Filter>
    </ClCompile>
    <ClCompile Include="..\Private\Base.cpp">
      <Filter>01.Utility\99.Super</Filter>
    </ClCompile>
    <ClCompile Include="..\Private\Timer.cpp">
      <Filter>00.System\Manager\Time</Filter>
    </ClCompile>
    <ClCompile Include="..\Private\TimeManager.cpp">
      <Filter>00.System\Manager\Time</Filter>
    </ClCompile>
    <ClCompile Include="pch.cpp">
      <Filter>02.Defines\99.Headers\Default</Filter>
    </ClCompile>
    <ClCompile Include="..\Private\GraphicsManager.cpp">
      <Filter>00.System\Manager\Device</Filter>
    </ClCompile>
    <ClCompile Include="..\Private\GameInstance.cpp">
      <Filter>01.Utility\00.GameInstance</Filter>
    </ClCompile>
    <ClCompile Include="..\Private\ResourceBase.cpp">
      <Filter>04.Resource</Filter>
    </ClCompile>
    <ClCompile Include="..\Private\Level.cpp">
      <Filter>01.Utility\02.Level</Filter>
    </ClCompile>
    <ClCompile Include="..\Private\LevelManager.cpp">
      <Filter>01.Utility\98.Manager\Level</Filter>
    </ClCompile>
    <ClCompile Include="..\Private\ObjectManager.cpp">
      <Filter>01.Utility\98.Manager\Object</Filter>
    </ClCompile>
    <ClCompile Include="..\Private\Layer.cpp">
      <Filter>01.Utility\03.GameObject\Layer</Filter>
    </ClCompile>
    <ClCompile Include="..\Private\Component.cpp">
      <Filter>01.Utility\04.Component</Filter>
    </ClCompile>
    <ClCompile Include="..\Private\Renderer.cpp">
      <Filter>01.Utility\04.Component\Renderer</Filter>
    </ClCompile>
    <ClCompile Include="..\Private\ComponentManager.cpp">
      <Filter>01.Utility\98.Manager\Component</Filter>
    </ClCompile>
    <ClCompile Include="..\Private\VIBuffer.cpp">
      <Filter>01.Utility\04.Component\VIBuffer</Filter>
    </ClCompile>
    <ClCompile Include="..\Private\VIBufferRect.cpp">
      <Filter>01.Utility\04.Component\VIBuffer\Rect</Filter>
    </ClCompile>
    <ClCompile Include="..\Private\Shader.cpp">
      <Filter>01.Utility\04.Component\Shader</Filter>
    </ClCompile>
    <ClCompile Include="..\Private\Struct.cpp">
      <Filter>02.Defines\99.Headers\Default</Filter>
    </ClCompile>
    <ClCompile Include="..\Private\Texture.cpp">
      <Filter>01.Utility\04.Component\Texture</Filter>
    </ClCompile>
    <ClCompile Include="..\Private\Transform.cpp">
      <Filter>01.Utility\04.Component\Transform</Filter>
    </ClCompile>
    <ClCompile Include="..\Private\VIBufferTerrain.cpp">
      <Filter>01.Utility\04.Component\VIBuffer\Terrain</Filter>
    </ClCompile>
    <ClCompile Include="..\Private\Camera.cpp">
      <Filter>01.Utility\03.GameObject\Camera</Filter>
    </ClCompile>
    <ClCompile Include="..\Private\CameraHelper.cpp">
      <Filter>03.Pipeline\CameraHelper</Filter>
    </ClCompile>
    <ClCompile Include="..\Private\Light.cpp">
      <Filter>01.Utility\04.Component\Light</Filter>
    </ClCompile>
    <ClCompile Include="..\Private\LightManager.cpp">
      <Filter>01.Utility\98.Manager\Light</Filter>
    </ClCompile>
    <ClCompile Include="..\Private\ConstantBuffer.cpp">
      <Filter>01.Utility\04.Component\VIBuffer\ConstantBuffer</Filter>
    </ClCompile>
    <ClCompile Include="..\Private\Model.cpp">
      <Filter>01.Utility\04.Component\Model</Filter>
    </ClCompile>
    <ClCompile Include="..\Private\Mesh.cpp">
      <Filter>01.Utility\04.Component\Model\Mesh</Filter>
    </ClCompile>
    <ClCompile Include="..\Private\Picking.cpp">
      <Filter>01.Utility\04.Component\Picking</Filter>
    </ClCompile>
    <ClCompile Include="..\Private\Collider.cpp">
      <Filter>01.Utility\04.Component\Collider\Base</Filter>
    </ClCompile>
    <ClCompile Include="..\Private\AABBBoxCollider.cpp">
      <Filter>01.Utility\04.Component\Collider</Filter>
    </ClCompile>
    <ClCompile Include="..\Private\SphereCollider.cpp">
      <Filter>01.Utility\04.Component\Collider</Filter>
    </ClCompile>
    <ClCompile Include="..\Private\OBBBoxCollider.cpp">
      <Filter>01.Utility\04.Component\Collider</Filter>
    </ClCompile>
    <ClCompile Include="..\Private\Viewport.cpp">
      <Filter>00.System\Manager\Device\ViewPort</Filter>
    </ClCompile>
    <ClCompile Include="..\Private\GameObject.cpp">
      <Filter>01.Utility\03.GameObject</Filter>
    </ClCompile>
    <ClCompile Include="..\Private\InputHandler.cpp">
      <Filter>00.System\CustomInput</Filter>
    </ClCompile>
    <ClCompile Include="..\Private\InputManager.cpp">
      <Filter>00.System\Input</Filter>
    </ClCompile>
    <ClCompile Include="..\Private\Physics.cpp">
      <Filter>01.Utility\04.Component\Physics</Filter>
    </ClCompile>
    <ClCompile Include="..\Private\Bone.cpp">
      <Filter>01.Utility\04.Component\Model\Bone</Filter>
    </ClCompile>
    <ClCompile Include="..\Private\OtherLight.cpp">
      <Filter>01.Utility\04.Component\Light\diffrentLight</Filter>
    </ClCompile>
    <ClCompile Include="..\Private\Converter.cpp">
      <Filter>01.Utility\04.Component\Model\ToolUtils</Filter>
    </ClCompile>
    <ClCompile Include="..\Private\Utils.cpp">
      <Filter>01.Utility\04.Component\Model\ToolUtils</Filter>
    </ClCompile>
    <ClCompile Include="..\Private\FileUtils.cpp">
      <Filter>01.Utility\04.Component\Model\ToolUtils</Filter>
    </ClCompile>
    <ClCompile Include="..\Private\BinaryModel.cpp">
      <Filter>01.Utility\04.Component\Model\BinaryModel</Filter>
    </ClCompile>
    <ClCompile Include="..\Private\BinaryMesh.cpp">
      <Filter>01.Utility\04.Component\Model\BinaryModel\BinaryMesh</Filter>
    </ClCompile>
    <ClCompile Include="..\Private\Animation.cpp">
      <Filter>01.Utility\04.Component\Model\Animation</Filter>
    </ClCompile>
    <ClCompile Include="..\Private\Channel.cpp">
      <Filter>01.Utility\04.Component\Model\Animation\Channel</Filter>
    </ClCompile>
    <ClCompile Include="..\Private\BinaryBone.cpp">
      <Filter>01.Utility\04.Component\Model\BinaryModel\BinaryBone</Filter>
    </ClCompile>
    <ClCompile Include="..\Private\BinaryAnimation.cpp">
      <Filter>01.Utility\04.Component\Model\BinaryModel\BinaryAnimation</Filter>
    </ClCompile>
    <ClCompile Include="..\Private\BinaryChannel.cpp">
      <Filter>01.Utility\04.Component\Model\Animation\Channel\BinaryChannel</Filter>
    </ClCompile>
  </ItemGroup>
  <ItemGroup>
    <None Include="..\Public\SimpleMath.inl">
      <Filter>02.Defines\99.Headers\99.Utils</Filter>
    </None>
  </ItemGroup>
</Project>