<?xml version="1.0" encoding="utf-8"?>
<Project ToolsVersion="4.0" xmlns="http://schemas.microsoft.com/developer/msbuild/2003">
  <ItemGroup>
    <Filter Include="소스 파일">
      <UniqueIdentifier>{4FC737F1-C7A5-4376-A066-2A32D752A2FF}</UniqueIdentifier>
      <Extensions>cpp;c;cc;cxx;c++;cppm;ixx;def;odl;idl;hpj;bat;asm;asmx</Extensions>
    </Filter>
    <Filter Include="소스 파일\00.Main">
      <UniqueIdentifier>{1945cd4f-b70c-4912-8504-5a2a5056b060}</UniqueIdentifier>
    </Filter>
    <Filter Include="소스 파일\98.Shaders">
      <UniqueIdentifier>{bb23d39d-dd4a-4c3f-9ace-37e1163770ea}</UniqueIdentifier>
    </Filter>
    <Filter Include="소스 파일\01.Levels">
      <UniqueIdentifier>{39456d9e-2f16-46bb-99d9-1a587898536e}</UniqueIdentifier>
    </Filter>
    <Filter Include="소스 파일\01.Levels\00. Logo">
      <UniqueIdentifier>{c04c7a8f-a38e-4908-b997-f01ab4ab2e40}</UniqueIdentifier>
    </Filter>
    <Filter Include="소스 파일\01.Levels\01. Game">
      <UniqueIdentifier>{9cc51205-9458-47e5-9a92-0225175d1f36}</UniqueIdentifier>
    </Filter>
    <Filter Include="소스 파일\01.Levels\99. Loading">
      <UniqueIdentifier>{e826aafa-eb7a-4880-987d-d7bf1fef1968}</UniqueIdentifier>
    </Filter>
    <Filter Include="소스 파일\02.GameObjects">
      <UniqueIdentifier>{b9ad45b3-d4d7-4396-8a49-5df76a8a5713}</UniqueIdentifier>
    </Filter>
    <Filter Include="소스 파일\02.GameObjects\00.BackGround">
      <UniqueIdentifier>{e4a1f4f5-81df-49b4-921a-4d5bc0baee58}</UniqueIdentifier>
    </Filter>
    <Filter Include="소스 파일\97.Imgui">
      <UniqueIdentifier>{e190cf66-95d9-4344-8e7e-cb00ba87d069}</UniqueIdentifier>
    </Filter>
    <Filter Include="소스 파일\97.Imgui\Manager">
      <UniqueIdentifier>{77f84edf-0773-46ab-9fe1-050bab4a7c27}</UniqueIdentifier>
    </Filter>
    <Filter Include="소스 파일\99.Headers">
      <UniqueIdentifier>{57d8fca7-ae1c-415a-b22b-0f439a2e6edf}</UniqueIdentifier>
    </Filter>
    <Filter Include="소스 파일\99.Headers\Trash">
      <UniqueIdentifier>{135d3ffa-94e5-4e24-aeb1-a8ae7a95bd78}</UniqueIdentifier>
    </Filter>
    <Filter Include="소스 파일\02.GameObjects\01.Terrain">
      <UniqueIdentifier>{5d5884a3-c04f-4d50-ac75-9ee81c1428da}</UniqueIdentifier>
    </Filter>
    <Filter Include="소스 파일\02.GameObjects\02.Camera">
      <UniqueIdentifier>{cb5b2d94-eea7-4fec-b8e1-d5e6fa3b43a9}</UniqueIdentifier>
    </Filter>
    <Filter Include="소스 파일\01.Levels\99. Loading\Helper">
      <UniqueIdentifier>{161a2456-9da0-46b1-9516-e82530712e20}</UniqueIdentifier>
    </Filter>
    <Filter Include="소스 파일\01.Levels\02. Edit">
      <UniqueIdentifier>{470f438a-e938-461a-a023-537bd4aef7d4}</UniqueIdentifier>
    </Filter>
    <Filter Include="소스 파일\97.Imgui\ImguiController">
      <UniqueIdentifier>{1c2b7cd7-befc-44d0-9266-e112d371c70d}</UniqueIdentifier>
    </Filter>
    <Filter Include="소스 파일\02.GameObjects\01.Terrain\EditTerrain">
      <UniqueIdentifier>{664282ae-8a8e-4895-a290-64f3540053bc}</UniqueIdentifier>
    </Filter>
    <Filter Include="소스 파일\02.GameObjects\03.Player">
      <UniqueIdentifier>{137ba0c2-5442-49b7-b290-00834f73843e}</UniqueIdentifier>
    </Filter>
    <Filter Include="소스 파일\98.Shaders\MapShader">
      <UniqueIdentifier>{6eaca1e4-e13a-45eb-a005-e12b6667c821}</UniqueIdentifier>
    </Filter>
    <Filter Include="소스 파일\98.Shaders\ObjectShader">
      <UniqueIdentifier>{8f037d34-86d0-4dc2-b479-2243d614366d}</UniqueIdentifier>
    </Filter>
    <Filter Include="소스 파일\98.Shaders\Common">
      <UniqueIdentifier>{43e2c4eb-ebb8-4568-a516-ca6f4c85a1ca}</UniqueIdentifier>
    </Filter>
    <Filter Include="소스 파일\02.GameObjects\02.Camera\ToolCamera">
      <UniqueIdentifier>{635e1a80-e02b-4d71-a09b-cd08b63fa8ab}</UniqueIdentifier>
    </Filter>
    <Filter Include="소스 파일\02.GameObjects\04. Static">
      <UniqueIdentifier>{8d3c8ece-7e21-47ce-81cc-4ca8cbf84627}</UniqueIdentifier>
    </Filter>
    <Filter Include="소스 파일\02.GameObjects\03.Player\PartObject">
      <UniqueIdentifier>{f10f1ad6-6880-4b8e-89d0-57896dfba826}</UniqueIdentifier>
    </Filter>
    <Filter Include="소스 파일\02.GameObjects\03.Player\PartObject\Body">
      <UniqueIdentifier>{e78fdfec-90d9-4fb6-ac4d-ce513f5c59cc}</UniqueIdentifier>
    </Filter>
    <Filter Include="소스 파일\02.GameObjects\03.Player\PartObject\Surefire">
      <UniqueIdentifier>{f34441a5-e308-4989-ad3d-b30f35cca510}</UniqueIdentifier>
    </Filter>
    <Filter Include="소스 파일\02.GameObjects\05. Cell Draw">
      <UniqueIdentifier>{9a452978-3d53-42d4-8086-19dd96905b7a}</UniqueIdentifier>
    </Filter>
    <Filter Include="소스 파일\02.GameObjects\06. Dynamic">
      <UniqueIdentifier>{47c2c90a-a132-4858-a051-fbfdc20ffc59}</UniqueIdentifier>
    </Filter>
    <Filter Include="소스 파일\02.GameObjects\06. Dynamic\BreakDoor">
      <UniqueIdentifier>{a09f1b75-bc72-4d1f-aa71-e3d7404c8658}</UniqueIdentifier>
    </Filter>
    <Filter Include="소스 파일\02.GameObjects\06. Dynamic\HorrorMask">
      <UniqueIdentifier>{835fd095-9f5b-4430-9468-59303d4e86b1}</UniqueIdentifier>
    </Filter>
    <Filter Include="소스 파일\02.GameObjects\06. Dynamic\Chain">
      <UniqueIdentifier>{839455b3-3730-44c0-86b3-db2028ca07f6}</UniqueIdentifier>
    </Filter>
    <Filter Include="소스 파일\02.GameObjects\06. Dynamic\Drum">
      <UniqueIdentifier>{bf94e7d3-732f-49b9-9a2a-79232bad446e}</UniqueIdentifier>
    </Filter>
    <Filter Include="소스 파일\02.GameObjects\06. Dynamic\WoodDoor">
      <UniqueIdentifier>{4bb05288-226a-41ff-8953-c90a5a48f255}</UniqueIdentifier>
    </Filter>
    <Filter Include="소스 파일\02.GameObjects\06. Dynamic\GridDoor">
      <UniqueIdentifier>{6231654f-47f4-4ef1-b2cd-504eb24b86c3}</UniqueIdentifier>
    </Filter>
    <Filter Include="소스 파일\02.GameObjects\06. Dynamic\Valve">
      <UniqueIdentifier>{c6e77b78-1245-4ab0-8197-9a203b99fe8c}</UniqueIdentifier>
    </Filter>
    <Filter Include="소스 파일\02.GameObjects\06. Dynamic\Cage">
      <UniqueIdentifier>{141e8684-9a89-4b62-b0b3-10cd6969a6f0}</UniqueIdentifier>
    </Filter>
    <Filter Include="소스 파일\02.GameObjects\04. Static\00. WallPainting">
      <UniqueIdentifier>{1f4831b3-3bf9-40e8-81fd-4d0af57e64a4}</UniqueIdentifier>
    </Filter>
    <Filter Include="소스 파일\02.GameObjects\03.Player\PartObject\BodyCam">
      <UniqueIdentifier>{a82f8676-8ee9-4c1d-bba3-551bb96e87ac}</UniqueIdentifier>
    </Filter>
    <Filter Include="소스 파일\02.GameObjects\03.Player\State">
      <UniqueIdentifier>{962ee82d-5f06-4f8d-95d8-36101419f432}</UniqueIdentifier>
    </Filter>
    <Filter Include="소스 파일\02.GameObjects\99. DoorCollision">
      <UniqueIdentifier>{68d29e5e-1394-48ed-91ed-705440fd8113}</UniqueIdentifier>
    </Filter>
    <Filter Include="소스 파일\02.GameObjects\06. Dynamic\Key">
      <UniqueIdentifier>{ba472975-940e-423c-a357-0f72ef58489c}</UniqueIdentifier>
    </Filter>
    <Filter Include="소스 파일\02.GameObjects\06. Dynamic\Gun">
      <UniqueIdentifier>{ff403f40-4377-41b7-b7aa-6bba9975e7cd}</UniqueIdentifier>
    </Filter>
    <Filter Include="소스 파일\02.GameObjects\06. Dynamic\GunLight">
      <UniqueIdentifier>{b7cbfd6a-ab33-4de2-8b5e-e30e996626b7}</UniqueIdentifier>
    </Filter>
    <Filter Include="소스 파일\02.GameObjects\03.Player\Bullet">
      <UniqueIdentifier>{a2bd48de-77c0-4b48-baeb-23ad1a2d068f}</UniqueIdentifier>
    </Filter>
    <Filter Include="소스 파일\02.GameObjects\07. Monster">
      <UniqueIdentifier>{751d171e-4ae6-4f37-a966-bd1b3e8d1e6e}</UniqueIdentifier>
    </Filter>
    <Filter Include="소스 파일\02.GameObjects\07. Monster\State">
      <UniqueIdentifier>{b8ddbebf-9cfd-425d-80fa-4c56db01e216}</UniqueIdentifier>
    </Filter>
    <Filter Include="소스 파일\02.GameObjects\98.Triger">
      <UniqueIdentifier>{6ebfbd20-45e9-48f0-834c-9a83e42e6fc8}</UniqueIdentifier>
    </Filter>
    <Filter Include="소스 파일\02.GameObjects\06. Dynamic\EventDoorMain">
      <UniqueIdentifier>{706d1bcc-4b15-454a-a894-852ad4f73ad8}</UniqueIdentifier>
    </Filter>
    <Filter Include="소스 파일\02.GameObjects\08. Water">
      <UniqueIdentifier>{79221f50-601c-4f73-b597-2dcf7d4fba7b}</UniqueIdentifier>
    </Filter>
    <Filter Include="소스 파일\02.GameObjects\07. Monster\MonsterPart">
      <UniqueIdentifier>{d633a439-1075-438b-b413-a1167d9732f8}</UniqueIdentifier>
    </Filter>
    <Filter Include="소스 파일\02.GameObjects\07. Monster\MonsterPart\BodyLight">
      <UniqueIdentifier>{f509e661-4a53-4f7a-a524-6d1889500e09}</UniqueIdentifier>
    </Filter>
    <Filter Include="소스 파일\02.GameObjects\07. Monster\MonsterPart\Weapon">
      <UniqueIdentifier>{53b54abd-762c-43b7-8e88-3e348821ee6a}</UniqueIdentifier>
    </Filter>
    <Filter Include="소스 파일\02.GameObjects\07. Monster\MonsterPart\Body">
      <UniqueIdentifier>{fa3dfa71-076c-45d6-856c-c83e1cd79dbc}</UniqueIdentifier>
    </Filter>
  </ItemGroup>
  <ItemGroup>
    <ClInclude Include="framework.h">
      <Filter>소스 파일\99.Headers\Trash</Filter>
    </ClInclude>
    <ClInclude Include="Resource.h">
      <Filter>소스 파일\99.Headers\Trash</Filter>
    </ClInclude>
    <ClInclude Include="targetver.h">
      <Filter>소스 파일\99.Headers\Trash</Filter>
    </ClInclude>
    <ClInclude Include="DirectXCoding.h">
      <Filter>소스 파일\00.Main</Filter>
    </ClInclude>
    <ClInclude Include="pch.h">
      <Filter>소스 파일\99.Headers</Filter>
    </ClInclude>
    <ClInclude Include="..\Public\Game.h">
      <Filter>소스 파일\00.Main</Filter>
    </ClInclude>
    <ClInclude Include="..\Public\Client_Define.h">
      <Filter>소스 파일\99.Headers</Filter>
    </ClInclude>
    <ClInclude Include="..\Public\Logo.h">
      <Filter>소스 파일\01.Levels\00. Logo</Filter>
    </ClInclude>
    <ClInclude Include="..\Public\GameScene.h">
      <Filter>소스 파일\01.Levels\01. Game</Filter>
    </ClInclude>
    <ClInclude Include="..\Public\LevelLoading.h">
      <Filter>소스 파일\01.Levels\99. Loading</Filter>
    </ClInclude>
    <ClInclude Include="..\Public\LevelHelper.h">
      <Filter>소스 파일\01.Levels\99. Loading\Helper</Filter>
    </ClInclude>
    <ClInclude Include="..\Public\BackGround.h">
      <Filter>소스 파일\02.GameObjects\00.BackGround</Filter>
    </ClInclude>
    <ClInclude Include="..\Imgui\imconfig.h">
      <Filter>소스 파일\97.Imgui</Filter>
    </ClInclude>
    <ClInclude Include="..\Imgui\imgui.h">
      <Filter>소스 파일\97.Imgui</Filter>
    </ClInclude>
    <ClInclude Include="..\Imgui\imgui_impl_dx11.h">
      <Filter>소스 파일\97.Imgui</Filter>
    </ClInclude>
    <ClInclude Include="..\Imgui\imgui_impl_win32.h">
      <Filter>소스 파일\97.Imgui</Filter>
    </ClInclude>
    <ClInclude Include="..\Imgui\imgui_internal.h">
      <Filter>소스 파일\97.Imgui</Filter>
    </ClInclude>
    <ClInclude Include="..\Imgui\imstb_rectpack.h">
      <Filter>소스 파일\97.Imgui</Filter>
    </ClInclude>
    <ClInclude Include="..\Imgui\imstb_textedit.h">
      <Filter>소스 파일\97.Imgui</Filter>
    </ClInclude>
    <ClInclude Include="..\Imgui\imstb_truetype.h">
      <Filter>소스 파일\97.Imgui</Filter>
    </ClInclude>
    <ClInclude Include="..\Public\ImGuiManager.h">
      <Filter>소스 파일\97.Imgui\Manager</Filter>
    </ClInclude>
    <ClInclude Include="..\Public\Terrain.h">
      <Filter>소스 파일\02.GameObjects\01.Terrain</Filter>
    </ClInclude>
    <ClInclude Include="..\Public\PlayerCamera.h">
      <Filter>소스 파일\02.GameObjects\02.Camera</Filter>
    </ClInclude>
    <ClInclude Include="..\Public\EditScene.h">
      <Filter>소스 파일\01.Levels\02. Edit</Filter>
    </ClInclude>
    <ClInclude Include="..\Public\ImguiResourceHandler.h">
      <Filter>소스 파일\97.Imgui\ImguiController</Filter>
    </ClInclude>
    <ClInclude Include="..\Public\EditorTerrain.h">
      <Filter>소스 파일\02.GameObjects\01.Terrain\EditTerrain</Filter>
    </ClInclude>
    <ClInclude Include="..\Public\Player.h">
      <Filter>소스 파일\02.GameObjects\03.Player</Filter>
    </ClInclude>
    <ClInclude Include="..\Public\dirent.h">
      <Filter>소스 파일\99.Headers</Filter>
    </ClInclude>
    <ClInclude Include="..\Imgui\imfilebrowser.h">
      <Filter>소스 파일\97.Imgui</Filter>
    </ClInclude>
    <ClInclude Include="..\Public\App.h">
      <Filter>소스 파일\00.Main</Filter>
    </ClInclude>
    <ClInclude Include="..\Public\ToolCamera.h">
      <Filter>소스 파일\02.GameObjects\02.Camera\ToolCamera</Filter>
    </ClInclude>
    <ClInclude Include="..\Public\PlayerBody.h">
      <Filter>소스 파일\02.GameObjects\03.Player\PartObject\Body</Filter>
    </ClInclude>
    <ClInclude Include="..\Public\Surefire.h">
      <Filter>소스 파일\02.GameObjects\03.Player\PartObject\Surefire</Filter>
    </ClInclude>
    <ClInclude Include="..\Public\StaticObject.h">
      <Filter>소스 파일\02.GameObjects\04. Static</Filter>
    </ClInclude>
    <ClInclude Include="..\Public\PartObject.h">
      <Filter>소스 파일\02.GameObjects\03.Player\PartObject</Filter>
    </ClInclude>
    <ClInclude Include="..\Public\CellDraw.h">
      <Filter>소스 파일\02.GameObjects\05. Cell Draw</Filter>
    </ClInclude>
    <ClInclude Include="..\Public\DynamicObject.h">
      <Filter>소스 파일\02.GameObjects\06. Dynamic</Filter>
    </ClInclude>
    <ClInclude Include="..\Public\BreakDoor.h">
      <Filter>소스 파일\02.GameObjects\06. Dynamic\BreakDoor</Filter>
    </ClInclude>
    <ClInclude Include="..\Public\HorrorMask.h">
      <Filter>소스 파일\02.GameObjects\06. Dynamic\HorrorMask</Filter>
    </ClInclude>
    <ClInclude Include="..\Public\DynamicObjectGroup.h">
      <Filter>소스 파일\02.GameObjects\06. Dynamic</Filter>
    </ClInclude>
    <ClInclude Include="..\Public\CeilingChain.h">
      <Filter>소스 파일\02.GameObjects\06. Dynamic\Chain</Filter>
    </ClInclude>
    <ClInclude Include="..\Public\Drum.h">
      <Filter>소스 파일\02.GameObjects\06. Dynamic\Drum</Filter>
    </ClInclude>
    <ClInclude Include="..\Public\OldWoodDoor.h">
      <Filter>소스 파일\02.GameObjects\06. Dynamic\WoodDoor</Filter>
    </ClInclude>
    <ClInclude Include="..\Public\GridDoor.h">
      <Filter>소스 파일\02.GameObjects\06. Dynamic\GridDoor</Filter>
    </ClInclude>
    <ClInclude Include="..\Public\Valve.h">
      <Filter>소스 파일\02.GameObjects\06. Dynamic\Valve</Filter>
    </ClInclude>
    <ClInclude Include="..\Public\Cage.h">
      <Filter>소스 파일\02.GameObjects\06. Dynamic\Cage</Filter>
    </ClInclude>
    <ClInclude Include="..\Public\WallPainting.h">
      <Filter>소스 파일\02.GameObjects\04. Static\00. WallPainting</Filter>
    </ClInclude>
    <ClInclude Include="..\Public\BodyCam.h">
      <Filter>소스 파일\02.GameObjects\03.Player\PartObject\BodyCam</Filter>
    </ClInclude>
    <ClInclude Include="..\Public\PlayerWalk.h">
      <Filter>소스 파일\02.GameObjects\03.Player\State</Filter>
    </ClInclude>
    <ClInclude Include="..\Public\PlayerFire.h">
      <Filter>소스 파일\02.GameObjects\03.Player\State</Filter>
    </ClInclude>
    <ClInclude Include="..\Public\PlayerReload.h">
      <Filter>소스 파일\02.GameObjects\03.Player\State</Filter>
    </ClInclude>
    <ClInclude Include="..\Public\DoorCollision.h">
      <Filter>소스 파일\02.GameObjects\99. DoorCollision</Filter>
    </ClInclude>
    <ClInclude Include="..\Public\Key.h">
      <Filter>소스 파일\02.GameObjects\06. Dynamic\Key</Filter>
    </ClInclude>
    <ClInclude Include="..\Public\Gun.h">
      <Filter>소스 파일\02.GameObjects\06. Dynamic\Gun</Filter>
    </ClInclude>
    <ClInclude Include="..\Public\GunLight.h">
      <Filter>소스 파일\02.GameObjects\06. Dynamic\GunLight</Filter>
    </ClInclude>
    <ClInclude Include="..\Public\Bullet.h">
      <Filter>소스 파일\02.GameObjects\03.Player\Bullet</Filter>
    </ClInclude>
    <ClInclude Include="..\Public\Monster.h">
      <Filter>소스 파일\02.GameObjects\07. Monster</Filter>
    </ClInclude>
    <ClInclude Include="..\Public\MonsterWalk.h">
      <Filter>소스 파일\02.GameObjects\07. Monster\State</Filter>
    </ClInclude>
    <ClInclude Include="..\Public\MonsterRun.h">
      <Filter>소스 파일\02.GameObjects\07. Monster\State</Filter>
    </ClInclude>
    <ClInclude Include="..\Public\MonsterDance.h">
      <Filter>소스 파일\02.GameObjects\07. Monster\State</Filter>
    </ClInclude>
    <ClInclude Include="..\Public\TrigerBox.h">
      <Filter>소스 파일\02.GameObjects\98.Triger</Filter>
    </ClInclude>
    <ClInclude Include="..\Public\EventMainDoor.h">
      <Filter>소스 파일\02.GameObjects\06. Dynamic\EventDoorMain</Filter>
    </ClInclude>
    <ClInclude Include="..\Public\Water.h">
      <Filter>소스 파일\02.GameObjects\08. Water</Filter>
    </ClInclude>
    <ClInclude Include="..\Public\MonsterPartObject.h">
      <Filter>소스 파일\02.GameObjects\07. Monster\MonsterPart</Filter>
    </ClInclude>
    <ClInclude Include="..\Public\MonsterBody.h">
      <Filter>소스 파일\02.GameObjects\07. Monster\MonsterPart\Body</Filter>
    </ClInclude>
    <ClInclude Include="..\Public\MonsterLight.h">
      <Filter>소스 파일\02.GameObjects\07. Monster\MonsterPart\BodyLight</Filter>
    </ClInclude>
  </ItemGroup>
  <ItemGroup>
    <ClCompile Include="DirectXCoding.cpp">
      <Filter>소스 파일\00.Main</Filter>
    </ClCompile>
    <ClCompile Include="pch.cpp">
      <Filter>소스 파일\99.Headers</Filter>
    </ClCompile>
    <ClCompile Include="..\Private\Game.cpp">
      <Filter>소스 파일\00.Main</Filter>
    </ClCompile>
    <ClCompile Include="..\Private\Logo.cpp">
      <Filter>소스 파일\01.Levels\00. Logo</Filter>
    </ClCompile>
    <ClCompile Include="..\Private\GameScene.cpp">
      <Filter>소스 파일\01.Levels\01. Game</Filter>
    </ClCompile>
    <ClCompile Include="..\Private\LevelLoading.cpp">
      <Filter>소스 파일\01.Levels\99. Loading</Filter>
    </ClCompile>
    <ClCompile Include="..\Private\LevelHelper.cpp">
      <Filter>소스 파일\01.Levels\99. Loading\Helper</Filter>
    </ClCompile>
    <ClCompile Include="..\Private\BackGround.cpp">
      <Filter>소스 파일\02.GameObjects\00.BackGround</Filter>
    </ClCompile>
    <ClCompile Include="..\Imgui\imgui.cpp">
      <Filter>소스 파일\97.Imgui</Filter>
    </ClCompile>
    <ClCompile Include="..\Imgui\imgui_demo.cpp">
      <Filter>소스 파일\97.Imgui</Filter>
    </ClCompile>
    <ClCompile Include="..\Imgui\imgui_draw.cpp">
      <Filter>소스 파일\97.Imgui</Filter>
    </ClCompile>
    <ClCompile Include="..\Imgui\imgui_impl_dx11.cpp">
      <Filter>소스 파일\97.Imgui</Filter>
    </ClCompile>
    <ClCompile Include="..\Imgui\imgui_impl_win32.cpp">
      <Filter>소스 파일\97.Imgui</Filter>
    </ClCompile>
    <ClCompile Include="..\Imgui\imgui_tables.cpp">
      <Filter>소스 파일\97.Imgui</Filter>
    </ClCompile>
    <ClCompile Include="..\Imgui\imgui_widgets.cpp">
      <Filter>소스 파일\97.Imgui</Filter>
    </ClCompile>
    <ClCompile Include="..\Private\ImGuiManager.cpp">
      <Filter>소스 파일\97.Imgui\Manager</Filter>
    </ClCompile>
    <ClCompile Include="..\Private\Terrain.cpp">
      <Filter>소스 파일\02.GameObjects\01.Terrain</Filter>
    </ClCompile>
    <ClCompile Include="..\Private\PlayerCamera.cpp">
      <Filter>소스 파일\02.GameObjects\02.Camera</Filter>
    </ClCompile>
    <ClCompile Include="..\Private\EditScene.cpp">
      <Filter>소스 파일\01.Levels\02. Edit</Filter>
    </ClCompile>
    <ClCompile Include="..\Private\ImguiResourceHandler.cpp">
      <Filter>소스 파일\97.Imgui\ImguiController</Filter>
    </ClCompile>
    <ClCompile Include="..\Private\EditorTerrain.cpp">
      <Filter>소스 파일\02.GameObjects\01.Terrain\EditTerrain</Filter>
    </ClCompile>
    <ClCompile Include="..\Private\App.cpp">
      <Filter>소스 파일\00.Main</Filter>
    </ClCompile>
    <ClCompile Include="..\Private\ToolCamera.cpp">
      <Filter>소스 파일\02.GameObjects\02.Camera\ToolCamera</Filter>
    </ClCompile>
    <ClCompile Include="..\Private\PlayerBody.cpp">
      <Filter>소스 파일\02.GameObjects\03.Player\PartObject\Body</Filter>
    </ClCompile>
    <ClCompile Include="..\Private\Surefire.cpp">
      <Filter>소스 파일\02.GameObjects\03.Player\PartObject\Surefire</Filter>
    </ClCompile>
    <ClCompile Include="..\Private\StaticObject.cpp">
      <Filter>소스 파일\02.GameObjects\04. Static</Filter>
    </ClCompile>
    <ClCompile Include="..\Private\PartObject.cpp">
      <Filter>소스 파일\02.GameObjects\03.Player\PartObject</Filter>
    </ClCompile>
    <ClCompile Include="..\Private\CellDraw.cpp">
      <Filter>소스 파일\02.GameObjects\05. Cell Draw</Filter>
    </ClCompile>
    <ClCompile Include="..\Private\DynamicObject.cpp">
      <Filter>소스 파일\02.GameObjects\06. Dynamic</Filter>
    </ClCompile>
    <ClCompile Include="..\Private\BreakDoor.cpp">
      <Filter>소스 파일\02.GameObjects\06. Dynamic\BreakDoor</Filter>
    </ClCompile>
    <ClCompile Include="..\Private\HorrorMask.cpp">
      <Filter>소스 파일\02.GameObjects\06. Dynamic\HorrorMask</Filter>
    </ClCompile>
    <ClCompile Include="..\Private\CeilingChain.cpp">
      <Filter>소스 파일\02.GameObjects\06. Dynamic\Chain</Filter>
    </ClCompile>
    <ClCompile Include="..\Private\Drum.cpp">
      <Filter>소스 파일\02.GameObjects\06. Dynamic\Drum</Filter>
    </ClCompile>
    <ClCompile Include="..\Private\OldWoodDoor.cpp">
      <Filter>소스 파일\02.GameObjects\06. Dynamic\WoodDoor</Filter>
    </ClCompile>
    <ClCompile Include="..\Private\GridDoor.cpp">
      <Filter>소스 파일\02.GameObjects\06. Dynamic\GridDoor</Filter>
    </ClCompile>
    <ClCompile Include="..\Private\Valve.cpp">
      <Filter>소스 파일\02.GameObjects\06. Dynamic\Valve</Filter>
    </ClCompile>
    <ClCompile Include="..\Private\Cage.cpp">
      <Filter>소스 파일\02.GameObjects\06. Dynamic\Cage</Filter>
    </ClCompile>
    <ClCompile Include="..\Private\WallPainting.cpp">
      <Filter>소스 파일\02.GameObjects\04. Static\00. WallPainting</Filter>
    </ClCompile>
    <ClCompile Include="..\Private\BodyCam.cpp">
      <Filter>소스 파일\02.GameObjects\03.Player\PartObject\BodyCam</Filter>
    </ClCompile>
    <ClCompile Include="..\Private\PlayerWalk.cpp">
      <Filter>소스 파일\02.GameObjects\03.Player\State</Filter>
    </ClCompile>
    <ClCompile Include="..\Private\PlayerFire.cpp">
      <Filter>소스 파일\02.GameObjects\03.Player\State</Filter>
    </ClCompile>
    <ClCompile Include="..\Private\PlayerReload.cpp">
      <Filter>소스 파일\02.GameObjects\03.Player\State</Filter>
    </ClCompile>
    <ClCompile Include="..\Private\DoorCollision.cpp">
      <Filter>소스 파일\02.GameObjects\99. DoorCollision</Filter>
    </ClCompile>
    <ClCompile Include="..\Private\Key.cpp">
      <Filter>소스 파일\02.GameObjects\06. Dynamic\Key</Filter>
    </ClCompile>
    <ClCompile Include="..\Private\Gun.cpp">
      <Filter>소스 파일\02.GameObjects\06. Dynamic\Gun</Filter>
    </ClCompile>
    <ClCompile Include="..\Private\GunLight.cpp">
      <Filter>소스 파일\02.GameObjects\06. Dynamic\GunLight</Filter>
    </ClCompile>
    <ClCompile Include="..\Private\Bullet.cpp">
      <Filter>소스 파일\02.GameObjects\03.Player\Bullet</Filter>
    </ClCompile>
    <ClCompile Include="..\Private\MonsterWalk.cpp">
      <Filter>소스 파일\02.GameObjects\07. Monster\State</Filter>
    </ClCompile>
    <ClCompile Include="..\Private\MonsterRun.cpp">
      <Filter>소스 파일\02.GameObjects\07. Monster\State</Filter>
    </ClCompile>
    <ClCompile Include="..\Private\MonsterDance.cpp">
      <Filter>소스 파일\02.GameObjects\07. Monster\State</Filter>
    </ClCompile>
    <ClCompile Include="..\Private\TrigerBox.cpp">
      <Filter>소스 파일\02.GameObjects\98.Triger</Filter>
    </ClCompile>
    <ClCompile Include="..\Private\EventMainDoor.cpp">
      <Filter>소스 파일\02.GameObjects\06. Dynamic\EventDoorMain</Filter>
    </ClCompile>
    <ClCompile Include="..\Private\Water.cpp">
      <Filter>소스 파일\02.GameObjects\08. Water</Filter>
    </ClCompile>
    <ClCompile Include="..\Private\Player.cpp">
      <Filter>소스 파일\02.GameObjects\03.Player</Filter>
    </ClCompile>
    <ClCompile Include="..\Private\MonsterPartObject.cpp">
      <Filter>소스 파일\02.GameObjects\07. Monster\MonsterPart</Filter>
    </ClCompile>
    <ClCompile Include="..\Private\MonsterBody.cpp">
      <Filter>소스 파일\02.GameObjects\07. Monster\MonsterPart\Body</Filter>
    </ClCompile>
    <ClCompile Include="..\Private\Monster.cpp">
      <Filter>소스 파일\02.GameObjects\07. Monster</Filter>
    </ClCompile>
    <ClCompile Include="..\Private\MonsterLight.cpp">
      <Filter>소스 파일\02.GameObjects\07. Monster\MonsterPart\BodyLight</Filter>
    </ClCompile>
  </ItemGroup>
  <ItemGroup>
    <FxCompile Include="..\Binaries\Shaders\HillsShader.fx">
      <Filter>소스 파일\98.Shaders\MapShader</Filter>
    </FxCompile>
    <FxCompile Include="..\Binaries\Shaders\DefaultMeshShader.fx">
      <Filter>소스 파일\98.Shaders\ObjectShader</Filter>
    </FxCompile>
    <FxCompile Include="..\Binaries\Shaders\AnimMesh.fx">
      <Filter>소스 파일\98.Shaders\ObjectShader</Filter>
    </FxCompile>
    <FxCompile Include="..\Binaries\Shaders\GlobalShader.fx">
      <Filter>소스 파일\98.Shaders\Common</Filter>
    </FxCompile>
    <FxCompile Include="..\Binaries\Shaders\LightHelper.fx">
      <Filter>소스 파일\98.Shaders\Common</Filter>
    </FxCompile>
    <FxCompile Include="..\Binaries\Shaders\Shader_VtxPosTex.fx">
      <Filter>소스 파일\98.Shaders\ObjectShader</Filter>
    </FxCompile>
  </ItemGroup>
</Project>